
Microsoft Visual Studio Solution File, Format Version 12.00
# Visual Studio Version 16
VisualStudioVersion = 16.0.30225.117
MinimumVisualStudioVersion = 10.0.40219.1
Project("{FAE04EC0-301F-11D3-BF4B-00C04F79EFBC}") = "JsConsole", "JsConsole.csproj", "{39F96FE7-1ED3-4E2E-B805-EC573AA5B81B}"
EndProject
Global
	GlobalSection(SolutionConfigurationPlatforms) = preSolution
		Debug|Any CPU = Debug|Any CPU
		Release|Any CPU = Release|Any CPU
	EndGlobalSection
	GlobalSection(ProjectConfigurationPlatforms) = postSolution
		{39F96FE7-1ED3-4E2E-B805-EC573AA5B81B}.Debug|Any CPU.ActiveCfg = Debug|Any CPU
		{39F96FE7-1ED3-4E2E-B805-EC573AA5B81B}.Debug|Any CPU.Build.0 = Debug|Any CPU
		{39F96FE7-1ED3-4E2E-B805-EC573AA5B81B}.Release|Any CPU.ActiveCfg = Release|Any CPU
		{39F96FE7-1ED3-4E2E-B805-EC573AA5B81B}.Release|Any CPU.Build.0 = Release|Any CPU
	EndGlobalSection
	GlobalSection(SolutionProperties) = preSolution
		HideSolutionNode = FALSE
	EndGlobalSection
	GlobalSection(ExtensibilityGlobals) = postSolution
		SolutionGuid = {D6BE231F-AACA-4DFE-A927-74B4A83B1FA5}
	EndGlobalSection
EndGlobal
